// !$*UTF8*$!
{
	archiveVersion = 1;
	classes = {
	};
	objectVersion = 77;
	objects = {

/* Begin PBXBuildFile section */
		5C1A4C7B2FCE588100B91258 /* README.md in Resources */ = {isa = PBXBuildFile; fileRef = 5C1A4C7A2FCE588100B91258 /* README.md */; };
		5C6B09932FCCB191002A30F9 /* StorageKit in Frameworks */ = {isa = PBXBuildFile; productRef = 5C6B09922FCCB191002A30F9 /* StorageKit */; };
/* End PBXBuildFile section */

/* Begin PBXContainerItemProxy section */
		5C6B09502FCC8C32002A30F9 /* PBXContainerItemProxy */ = {
			isa = PBXContainerItemProxy;
			containerPortal = 5C6B09382FCC8C30002A30F9 /* Project object */;
			proxyType = 1;
			remoteGlobalIDString = 5C6B093F2FCC8C30002A30F9;
			remoteInfo = "Startup Ideas Tracker";
		};
		5C6B095A2FCC8C32002A30F9 /* PBXContainerItemProxy */ = {
			isa = PBXContainerItemProxy;
			containerPortal = 5C6B09382FCC8C30002A30F9 /* Project object */;
			proxyType = 1;
			remoteGlobalIDString = 5C6B093F2FCC8C30002A30F9;
			remoteInfo = "Startup Ideas Tracker";
		};
/* End PBXContainerItemProxy section */

/* Begin PBXFileReference section */
		5C1A4C7A2FCE588100B91258 /* README.md */ = {isa = PBXFileReference; lastKnownFileType = net.daringfireball.markdown; path = README.md; sourceTree = "<group>"; };
		5C6B09402FCC8C30002A30F9 /* Startup Ideas Tracker.app */ = {isa = PBXFileReference; explicitFileType = wrapper.application; includeInIndex = 0; path = "Startup Ideas Tracker.app"; sourceTree = BUILT_PRODUCTS_DIR; };
		5C6B094F2FCC8C32002A30F9 /* Startup Ideas TrackerTests.xctest */ = {isa = PBXFileReference; explicitFileType = wrapper.cfbundle; includeInIndex = 0; path = "Startup Ideas TrackerTests.xctest"; sourceTree = BUILT_PRODUCTS_DIR; };
		5C6B09592FCC8C32002A30F9 /* Startup Ideas TrackerUITests.xctest */ = {isa = PBXFileReference; explicitFileType = wrapper.cfbundle; includeInIndex = 0; path = "Startup Ideas TrackerUITests.xctest"; sourceTree = BUILT_PRODUCTS_DIR; };
/* End PBXFileReference section */

/* Begin PBXFileSystemSynchronizedRootGroup section */
		5C6B09422FCC8C30002A30F9 /* Startup Ideas Tracker */ = {
			isa = PBXFileSystemSynchronizedRootGroup;
			path = "Startup Ideas Tracker";
			sourceTree = "<group>";
		};
		5C6B09522FCC8C32002A30F9 /* Startup Ideas TrackerTests */ = {
			isa = PBXFileSystemSynchronizedRootGroup;
			path = "Startup Ideas TrackerTests";
			sourceTree = "<group>";
		};
		5C6B095C2FCC8C32002A30F9 /* Startup Ideas TrackerUITests */ = {
			isa = PBXFileSystemSynchronizedRootGroup;
			path = "Startup Ideas TrackerUITests";
			sourceTree = "<group>";
		};
/* End PBXFileSystemSynchronizedRootGroup section */

/* Begin PBXFrameworksBuildPhase section */
		5C6B093D2FCC8C30002A30F9 /* Frameworks */ = {
			isa = PBXFrameworksBuildPhase;
			buildActionMask = 2147483647;
			files = (
				5C6B09932FCCB191002A30F9 /* StorageKit in Frameworks */,
			);
			runOnlyForDeploymentPostprocessing = 0;
		};
		5C6B094C2FCC8C32002A30F9 /* Frameworks */ = {
			isa = PBXFrameworksBuildPhase;
			buildActionMask = 2147483647;
			files = (
			);
			runOnlyForDeploymentPostprocessing = 0;
		};
		5C6B09562FCC8C32002A30F9 /* Frameworks */ = {
			isa = PBXFrameworksBuildPhase;
			buildActionMask = 2147483647;
			files = (
			);
			runOnlyForDeploymentPostprocessing = 0;
		};
/* End PBXFrameworksBuildPhase section */

/* Begin PBXGroup section */
		5C6B09372FCC8C30002A30F9 = {
			isa = PBXGroup;
			children = (
				5C6B09422FCC8C30002A30F9 /* Startup Ideas Tracker */,
				5C6B09522FCC8C32002A30F9 /* Startup Ideas TrackerTests */,
				5C6B095C2FCC8C32002A30F9 /* Startup Ideas TrackerUITests */,
				5C6B09412FCC8C30002A30F9 /* Products */,
				5C1A4C7A2FCE588100B91258 /* README.md */,
			);
			sourceTree = "<group>";
		};
		5C6B09412FCC8C30002A30F9 /* Products */ = {
			isa = PBXGroup;
			children = (
				5C6B09402FCC8C30002A30F9 /* Startup Ideas Tracker.app */,
				5C6B094F2FCC8C32002A30F9 /* Startup Ideas TrackerTests.xctest */,
				5C6B09592FCC8C32002A30F9 /* Startup Ideas TrackerUITests.xctest */,
			);
			name = Products;
			sourceTree = "<group>";
		};
/* End PBXGroup section */

/* Begin PBXNativeTarget section */
		5C6B093F2FCC8C30002A30F9 /* Startup Ideas Tracker */ = {
			isa = PBXNativeTarget;
			buildConfigurationList = 5C6B09632FCC8C32002A30F9 /* Build configuration list for PBXNativeTarget "Startup Ideas Tracker" */;
			buildPhases = (
				5C6B093C2FCC8C30002A30F9 /* Sources */,
				5C6B093D2FCC8C30002A30F9 /* Frameworks */,
				5C6B093E2FCC8C30002A30F9 /* Resources */,
			);
			buildRules = (
			);
			dependencies = (
			);
			fileSystemSynchronizedGroups = (
				5C6B09422FCC8C30002A30F9 /* Startup Ideas Tracker */,
			);
			name = "Startup Ideas Tracker";
			packageProductDependencies = (
				5C6B09922FCCB191002A30F9 /* StorageKit */,
			);
			productName = "Startup Ideas Tracker";
			productReference = 5C6B09402FCC8C30002A30F9 /* Startup Ideas Tracker.app */;
			productType = "com.apple.product-type.application";
		};
		5C6B094E2FCC8C32002A30F9 /* Startup Ideas TrackerTests */ = {
			isa = PBXNativeTarget;
			buildConfigurationList = 5C6B09662FCC8C32002A30F9 /* Build configuration list for PBXNativeTarget "Startup Ideas TrackerTests" */;
			buildPhases = (
				5C6B094B2FCC8C32002A30F9 /* Sources */,
				5C6B094C2FCC8C32002A30F9 /* Frameworks */,
				5C6B094D2FCC8C32002A30F9 /* Resources */,
			);
			buildRules = (
			);
			dependencies = (
				5C6B09512FCC8C32002A30F9 /* PBXTargetDependency */,
			);
			fileSystemSynchronizedGroups = (
				5C6B09522FCC8C32002A30F9 /* Startup Ideas TrackerTests */,
			);
			name = "Startup Ideas TrackerTests";
			packageProductDependencies = (
			);
			productName = "Startup Ideas TrackerTests";
			productReference = 5C6B094F2FCC8C32002A30F9 /* Startup Ideas TrackerTests.xctest */;
			productType = "com.apple.product-type.bundle.unit-test";
		};
		5C6B09582FCC8C32002A30F9 /* Startup Ideas TrackerUITests */ = {
			isa = PBXNativeTarget;
			buildConfigurationList = 5C6B09692FCC8C32002A30F9 /* Build configuration list for PBXNativeTarget "Startup Ideas TrackerUITests" */;
			buildPhases = (
				5C6B09552FCC8C32002A30F9 /* Sources */,
				5C6B09562FCC8C32002A30F9 /* Frameworks */,
				5C6B09572FCC8C32002A30F9 /* Resources */,
			);
			buildRules = (
			);
			dependencies = (
				5C6B095B2FCC8C32002A30F9 /* PBXTargetDependency */,
			);
			fileSystemSynchronizedGroups = (
				5C6B095C2FCC8C32002A30F9 /* Startup Ideas TrackerUITests */,
			);
			name = "Startup Ideas TrackerUITests";
			packageProductDependencies = (
			);
			productName = "Startup Ideas TrackerUITests";
			productReference = 5C6B09592FCC8C32002A30F9 /* Startup Ideas TrackerUITests.xctest */;
			productType = "com.apple.product-type.bundle.ui-testing";
		};
/* End PBXNativeTarget section */

/* Begin PBXProject section */
		5C6B09382FCC8C30002A30F9 /* Project object */ = {
			isa = PBXProject;
			attributes = {
				BuildIndependentTargetsInParallel = 1;
				LastSwiftUpdateCheck = 2640;
				LastUpgradeCheck = 2640;
				TargetAttributes = {
					5C6B093F2FCC8C30002A30F9 = {
						CreatedOnToolsVersion = 26.4;
					};
					5C6B094E2FCC8C32002A30F9 = {
						CreatedOnToolsVersion = 26.4;
						TestTargetID = 5C6B093F2FCC8C30002A30F9;
					};
					5C6B09582FCC8C32002A30F9 = {
						CreatedOnToolsVersion = 26.4;
						TestTargetID = 5C6B093F2FCC8C30002A30F9;
					};
				};
			};
			buildConfigurationList = 5C6B093B2FCC8C30002A30F9 /* Build configuration list for PBXProject "Startup Ideas Tracker" */;
			developmentRegion = en;
			hasScannedForEncodings = 0;
			knownRegions = (
				en,
				Base,
			);
			mainGroup = 5C6B09372FCC8C30002A30F9;
			minimizedProjectReferenceProxies = 1;
			packageReferences = (
				5C6B09912FCCB191002A30F9 /* XCLocalSwiftPackageReference "StorageKit" */,
			);
			preferredProjectObjectVersion = 77;
			productRefGroup = 5C6B09412FCC8C30002A30F9 /* Products */;
			projectDirPath = "";
			projectRoot = "";
			targets = (
				5C6B093F2FCC8C30002A30F9 /* Startup Ideas Tracker */,
				5C6B094E2FCC8C32002A30F9 /* Startup Ideas TrackerTests */,
				5C6B09582FCC8C32002A30F9 /* Startup Ideas TrackerUITests */,
			);
		};
/* End PBXProject section */

/* Begin PBXResourcesBuildPhase section */
		5C6B093E2FCC8C30002A30F9 /* Resources */ = {
			isa = PBXResourcesBuildPhase;
			buildActionMask = 2147483647;
			files = (
				5C1A4C7B2FCE588100B91258 /* README.md in Resources */,
			);
			runOnlyForDeploymentPostprocessing = 0;
		};
		5C6B094D2FCC8C32002A30F9 /* Resources */ = {
			isa = PBXResourcesBuildPhase;
			buildActionMask = 2147483647;
			files = (
			);
			runOnlyForDeploymentPostprocessing = 0;
		};
		5C6B09572FCC8C32002A30F9 /* Resources */ = {
			isa = PBXResourcesBuildPhase;
			buildActionMask = 2147483647;
			files = (
			);
			runOnlyForDeploymentPostprocessing = 0;
		};
/* End PBXResourcesBuildPhase section */

/* Begin PBXSourcesBuildPhase section */
		5C6B093C2FCC8C30002A30F9 /* Sources */ = {
			isa = PBXSourcesBuildPhase;
			buildActionMask = 2147483647;
			files = (
			);
			runOnlyForDeploymentPostprocessing = 0;
		};
		5C6B094B2FCC8C32002A30F9 /* Sources */ = {
			isa = PBXSourcesBuildPhase;
			buildActionMask = 2147483647;
			files = (
			);
			runOnlyForDeploymentPostprocessing = 0;
		};
		5C6B09552FCC8C32002A30F9 /* Sources */ = {
			isa = PBXSourcesBuildPhase;
			buildActionMask = 2147483647;
			files = (
			);
			runOnlyForDeploymentPostprocessing = 0;
		};
/* End PBXSourcesBuildPhase section */

/* Begin PBXTargetDependency section */
		5C6B09512FCC8C32002A30F9 /* PBXTargetDependency */ = {
			isa = PBXTargetDependency;
			target = 5C6B093F2FCC8C30002A30F9 /* Startup Ideas Tracker */;
			targetProxy = 5C6B09502FCC8C32002A30F9 /* PBXContainerItemProxy */;
		};
		5C6B095B2FCC8C32002A30F9 /* PBXTargetDependency */ = {
			isa = PBXTargetDependency;
			target = 5C6B093F2FCC8C30002A30F9 /* Startup Ideas Tracker */;
			targetProxy = 5C6B095A2FCC8C32002A30F9 /* PBXContainerItemProxy */;
		};
/* End PBXTargetDependency section */

/* Begin XCBuildConfiguration section */
		5C6B09612FCC8C32002A30F9 /* Debug */ = {
			isa = XCBuildConfiguration;
			buildSettings = {
				ALWAYS_SEARCH_USER_PATHS = NO;
				ASSETCATALOG_COMPILER_GENERATE_SWIFT_ASSET_SYMBOL_EXTENSIONS = YES;
				CLANG_ANALYZER_NONNULL = YES;
				CLANG_ANALYZER_NUMBER_OBJECT_CONVERSION = YES_AGGRESSIVE;
				CLANG_CXX_LANGUAGE_STANDARD = "gnu++20";
				CLANG_ENABLE_MODULES = YES;
				CLANG_ENABLE_OBJC_ARC = YES;
				CLANG_ENABLE_OBJC_WEAK = YES;
				CLANG_WARN_BLOCK_CAPTURE_AUTORELEASING = YES;
				CLANG_WARN_BOOL_CONVERSION = YES;
				CLANG_WARN_COMMA = YES;
				CLANG_WARN_CONSTANT_CONVERSION = YES;
				CLANG_WARN_DEPRECATED_OBJC_IMPLEMENTATIONS = YES;
				CLANG_WARN_DIRECT_OBJC_ISA_USAGE = YES_ERROR;
				CLANG_WARN_DOCUMENTATION_COMMENTS = YES;
				CLANG_WARN_EMPTY_BODY = YES;
				CLANG_WARN_ENUM_CONVERSION = YES;
				CLANG_WARN_INFINITE_RECURSION = YES;
				CLANG_WARN_INT_CONVERSION = YES;
				CLANG_WARN_NON_LITERAL_NULL_CONVERSION = YES;
				CLANG_WARN_OBJC_IMPLICIT_RETAIN_SELF = YES;
				CLANG_WARN_OBJC_LITERAL_CONVERSION = YES;
				CLANG_WARN_OBJC_ROOT_CLASS = YES_ERROR;
				CLANG_WARN_QUOTED_INCLUDE_IN_FRAMEWORK_HEADER = YES;
				CLANG_WARN_RANGE_LOOP_ANALYSIS = YES;
				CLANG_WARN_STRICT_PROTOTYPES = YES;
				CLANG_WARN_SUSPICIOUS_MOVE = YES;
				CLANG_WARN_UNGUARDED_AVAILABILITY = YES_AGGRESSIVE;
				CLANG_WARN_UNREACHABLE_CODE = YES;
				CLANG_WARN__DUPLICATE_METHOD_MATCH = YES;
				COPY_PHASE_STRIP = NO;
				DEBUG_INFORMATION_FORMAT = dwarf;
				DEVELOPMENT_TEAM = 7J752S5X97;
				ENABLE_STRICT_OBJC_MSGSEND = YES;
				ENABLE_TESTABILITY = YES;
				ENABLE_USER_SCRIPT_SANDBOXING = YES;
				GCC_C_LANGUAGE_STANDARD = gnu17;
				GCC_DYNAMIC_NO_PIC = NO;
				GCC_NO_COMMON_BLOCKS = YES;
				GCC_OPTIMIZATION_LEVEL = 0;
				GCC_PREPROCESSOR_DEFINITIONS = (
					"DEBUG=1",
					"$(inherited)",
				);
				GCC_WARN_64_TO_32_BIT_CONVERSION = YES;
				GCC_WARN_ABOUT_RETURN_TYPE = YES_ERROR;
				GCC_WARN_UNDECLARED_SELECTOR = YES;
				GCC_WARN_UNINITIALIZED_AUTOS = YES_AGGRESSIVE;
				GCC_WARN_UNUSED_FUNCTION = YES;
				GCC_WARN_UNUSED_VARIABLE = YES;
				IPHONEOS_DEPLOYMENT_TARGET = 26.4;
				LOCALIZATION_PREFERS_STRING_CATALOGS = YES;
				MTL_ENABLE_DEBUG_INFO = INCLUDE_SOURCE;
				MTL_FAST_MATH = YES;
				ONLY_ACTIVE_ARCH = YES;
				SDKROOT = iphoneos;
				SWIFT_ACTIVE_COMPILATION_CONDITIONS = "DEBUG $(inherited)";
				SWIFT_OPTIMIZATION_LEVEL = "-Onone";
			};
			name = Debug;
		};
		5C6B09622FCC8C32002A30F9 /* Release */ = {
			isa = XCBuildConfiguration;
			buildSettings = {
				ALWAYS_SEARCH_USER_PATHS = NO;
				ASSETCATALOG_COMPILER_GENERATE_SWIFT_ASSET_SYMBOL_EXTENSIONS = YES;
				CLANG_ANALYZER_NONNULL = YES;
				CLANG_ANALYZER_NUMBER_OBJECT_CONVERSION = YES_AGGRESSIVE;
				CLANG_CXX_LANGUAGE_STANDARD = "gnu++20";
				CLANG_ENABLE_MODULES = YES;
				CLANG_ENABLE_OBJC_ARC = YES;
				CLANG_ENABLE_OBJC_WEAK = YES;
				CLANG_WARN_BLOCK_CAPTURE_AUTORELEASING = YES;
				CLANG_WARN_BOOL_CONVERSION = YES;
				CLANG_WARN_COMMA = YES;
				CLANG_WARN_CONSTANT_CONVERSION = YES;
				CLANG_WARN_DEPRECATED_OBJC_IMPLEMENTATIONS = YES;
				CLANG_WARN_DIRECT_OBJC_ISA_USAGE = YES_ERROR;
				CLANG_WARN_DOCUMENTATION_COMMENTS = YES;
				CLANG_WARN_EMPTY_BODY = YES;
				CLANG_WARN_ENUM_CONVERSION = YES;
				CLANG_WARN_INFINITE_RECURSION = YES;
				CLANG_WARN_INT_CONVERSION = YES;
				CLANG_WARN_NON_LITERAL_NULL_CONVERSION = YES;
				CLANG_WARN_OBJC_IMPLICIT_RETAIN_SELF = YES;
				CLANG_WARN_OBJC_LITERAL_CONVERSION = YES;
				CLANG_WARN_OBJC_ROOT_CLASS = YES_ERROR;
				CLANG_WARN_QUOTED_INCLUDE_IN_FRAMEWORK_HEADER = YES;
				CLANG_WARN_RANGE_LOOP_ANALYSIS = YES;
				CLANG_WARN_STRICT_PROTOTYPES = YES;
				CLANG_WARN_SUSPICIOUS_MOVE = YES;
				CLANG_WARN_UNGUARDED_AVAILABILITY = YES_AGGRESSIVE;
				CLANG_WARN_UNREACHABLE_CODE = YES;
				CLANG_WARN__DUPLICATE_METHOD_MATCH = YES;
				COPY_PHASE_STRIP = NO;
				DEBUG_INFORMATION_FORMAT = "dwarf-with-dsym";
				DEVELOPMENT_TEAM = 7J752S5X97;
				ENABLE_NS_ASSERTIONS = NO;
				ENABLE_STRICT_OBJC_MSGSEND = YES;
				ENABLE_USER_SCRIPT_SANDBOXING = YES;
				GCC_C_LANGUAGE_STANDARD = gnu17;
				GCC_NO_COMMON_BLOCKS = YES;
				GCC_WARN_64_TO_32_BIT_CONVERSION = YES;
				GCC_WARN_ABOUT_RETURN_TYPE = YES_ERROR;
				GCC_WARN_UNDECLARED_SELECTOR = YES;
				GCC_WARN_UNINITIALIZED_AUTOS = YES_AGGRESSIVE;
				GCC_WARN_UNUSED_FUNCTION = YES;
				GCC_WARN_UNUSED_VARIABLE = YES;
				IPHONEOS_DEPLOYMENT_TARGET = 26.4;
				LOCALIZATION_PREFERS_STRING_CATALOGS = YES;
				MTL_ENABLE_DEBUG_INFO = NO;
				MTL_FAST_MATH = YES;
				SDKROOT = iphoneos;
				SWIFT_COMPILATION_MODE = wholemodule;
				VALIDATE_PRODUCT = YES;
			};
			name = Release;
		};
		5C6B09642FCC8C32002A30F9 /* Debug */ = {
			isa = XCBuildConfiguration;
			buildSettings = {
				ASSETCATALOG_COMPILER_APPICON_NAME = AppIcon;
				ASSETCATALOG_COMPILER_GLOBAL_ACCENT_COLOR_NAME = AccentColor;
				CODE_SIGN_STYLE = Automatic;
				CURRENT_PROJECT_VERSION = 1;
				DEVELOPMENT_TEAM = 7J752S5X97;
				ENABLE_PREVIEWS = YES;
				GENERATE_INFOPLIST_FILE = YES;
				INFOPLIST_KEY_UIApplicationSceneManifest_Generation = YES;
				INFOPLIST_KEY_UIApplicationSupportsIndirectInputEvents = YES;
				INFOPLIST_KEY_UILaunchScreen_Generation = YES;
				INFOPLIST_KEY_UISupportedInterfaceOrientations_iPad = "UIInterfaceOrientationPortrait UIInterfaceOrientationPortraitUpsideDown UIInterfaceOrientationLandscapeLeft UIInterfaceOrientationLandscapeRight";
				INFOPLIST_KEY_UISupportedInterfaceOrientations_iPhone = "UIInterfaceOrientationPortrait UIInterfaceOrientationLandscapeLeft UIInterfaceOrientationLandscapeRight";
				IPHONEOS_DEPLOYMENT_TARGET = 18;
				LD_RUNPATH_SEARCH_PATHS = (
					"$(inherited)",
					"@executable_path/Frameworks",
				);
				MARKETING_VERSION = 1.0;
				PRODUCT_BUNDLE_IDENTIFIER = "-1.Startup-Ideas-Tracker";
				PRODUCT_NAME = "$(TARGET_NAME)";
				STRING_CATALOG_GENERATE_SYMBOLS = YES;
				SWIFT_APPROACHABLE_CONCURRENCY = YES;
				SWIFT_DEFAULT_ACTOR_ISOLATION = MainActor;
				SWIFT_EMIT_LOC_STRINGS = YES;
				SWIFT_UPCOMING_FEATURE_MEMBER_IMPORT_VISIBILITY = YES;
				SWIFT_VERSION = 5.0;
				TARGETED_DEVICE_FAMILY = "1,2";
			};
			name = Debug;
		};
		5C6B09652FCC8C32002A30F9 /* Release */ = {
			isa = XCBuildConfiguration;
			buildSettings = {
				ASSETCATALOG_COMPILER_APPICON_NAME = AppIcon;
				ASSETCATALOG_COMPILER_GLOBAL_ACCENT_COLOR_NAME = AccentColor;
				CODE_SIGN_STYLE = Automatic;
				CURRENT_PROJECT_VERSION = 1;
				DEVELOPMENT_TEAM = 7J752S5X97;
				ENABLE_PREVIEWS = YES;
				GENERATE_INFOPLIST_FILE = YES;
				INFOPLIST_KEY_UIApplicationSceneManifest_Generation = YES;
				INFOPLIST_KEY_UIApplicationSupportsIndirectInputEvents = YES;
				INFOPLIST_KEY_UILaunchScreen_Generation = YES;
				INFOPLIST_KEY_UISupportedInterfaceOrientations_iPad = "UIInterfaceOrientationPortrait UIInterfaceOrientationPortraitUpsideDown UIInterfaceOrientationLandscapeLeft UIInterfaceOrientationLandscapeRight";
				INFOPLIST_KEY_UISupportedInterfaceOrientations_iPhone = "UIInterfaceOrientationPortrait UIInterfaceOrientationLandscapeLeft UIInterfaceOrientationLandscapeRight";
				IPHONEOS_DEPLOYMENT_TARGET = 18;
				LD_RUNPATH_SEARCH_PATHS = (
					"$(inherited)",
					"@executable_path/Frameworks",
				);
				MARKETING_VERSION = 1.0;
				PRODUCT_BUNDLE_IDENTIFIER = "-1.Startup-Ideas-Tracker";
				PRODUCT_NAME = "$(TARGET_NAME)";
				STRING_CATALOG_GENERATE_SYMBOLS = YES;
				SWIFT_APPROACHABLE_CONCURRENCY = YES;
				SWIFT_DEFAULT_ACTOR_ISOLATION = MainActor;
				SWIFT_EMIT_LOC_STRINGS = YES;
				SWIFT_UPCOMING_FEATURE_MEMBER_IMPORT_VISIBILITY = YES;
				SWIFT_VERSION = 5.0;
				TARGETED_DEVICE_FAMILY = "1,2";
			};
			name = Release;
		};
		5C6B09672FCC8C32002A30F9 /* Debug */ = {
			isa = XCBuildConfiguration;
			buildSettings = {
				BUNDLE_LOADER = "$(TEST_HOST)";
				CODE_SIGN_STYLE = Automatic;
				CURRENT_PROJECT_VERSION = 1;
				DEVELOPMENT_TEAM = 7J752S5X97;
				GENERATE_INFOPLIST_FILE = YES;
				IPHONEOS_DEPLOYMENT_TARGET = 26.4;
				MARKETING_VERSION = 1.0;
				PRODUCT_BUNDLE_IDENTIFIER = "-1.Startup-Ideas-TrackerTests";
				PRODUCT_NAME = "$(TARGET_NAME)";
				STRING_CATALOG_GENERATE_SYMBOLS = NO;
				SWIFT_APPROACHABLE_CONCURRENCY = YES;
				SWIFT_EMIT_LOC_STRINGS = NO;
				SWIFT_UPCOMING_FEATURE_MEMBER_IMPORT_VISIBILITY = YES;
				SWIFT_VERSION = 5.0;
				TARGETED_DEVICE_FAMILY = "1,2";
				TEST_HOST = "$(BUILT_PRODUCTS_DIR)/Startup Ideas Tracker.app/$(BUNDLE_EXECUTABLE_FOLDER_PATH)/Startup Ideas Tracker";
			};
			name = Debug;
		};
		5C6B09682FCC8C32002A30F9 /* Release */ = {
			isa = XCBuildConfiguration;
			buildSettings = {
				BUNDLE_LOADER = "$(TEST_HOST)";
				CODE_SIGN_STYLE = Automatic;
				CURRENT_PROJECT_VERSION = 1;
				DEVELOPMENT_TEAM = 7J752S5X97;
				GENERATE_INFOPLIST_FILE = YES;
				IPHONEOS_DEPLOYMENT_TARGET = 26.4;
				MARKETING_VERSION = 1.0;
				PRODUCT_BUNDLE_IDENTIFIER = "-1.Startup-Ideas-TrackerTests";
				PRODUCT_NAME = "$(TARGET_NAME)";
				STRING_CATALOG_GENERATE_SYMBOLS = NO;
				SWIFT_APPROACHABLE_CONCURRENCY = YES;
				SWIFT_EMIT_LOC_STRINGS = NO;
				SWIFT_UPCOMING_FEATURE_MEMBER_IMPORT_VISIBILITY = YES;
				SWIFT_VERSION = 5.0;
				TARGETED_DEVICE_FAMILY = "1,2";
				TEST_HOST = "$(BUILT_PRODUCTS_DIR)/Startup Ideas Tracker.app/$(BUNDLE_EXECUTABLE_FOLDER_PATH)/Startup Ideas Tracker";
			};
			name = Release;
		};
		5C6B096A2FCC8C32002A30F9 /* Debug */ = {
			isa = XCBuildConfiguration;
			buildSettings = {
				CODE_SIGN_STYLE = Automatic;
				CURRENT_PROJECT_VERSION = 1;
				DEVELOPMENT_TEAM = 7J752S5X97;
				GENERATE_INFOPLIST_FILE = YES;
				MARKETING_VERSION = 1.0;
				PRODUCT_BUNDLE_IDENTIFIER = "-1.Startup-Ideas-TrackerUITests";
				PRODUCT_NAME = "$(TARGET_NAME)";
				STRING_CATALOG_GENERATE_SYMBOLS = NO;
				SWIFT_APPROACHABLE_CONCURRENCY = YES;
				SWIFT_EMIT_LOC_STRINGS = NO;
				SWIFT_UPCOMING_FEATURE_MEMBER_IMPORT_VISIBILITY = YES;
				SWIFT_VERSION = 5.0;
				TARGETED_DEVICE_FAMILY = "1,2";
				TEST_TARGET_NAME = "Startup Ideas Tracker";
			};
			name = Debug;
		};
		5C6B096B2FCC8C32002A30F9 /* Release */ = {
			isa = XCBuildConfiguration;
			buildSettings = {
				CODE_SIGN_STYLE = Automatic;
				CURRENT_PROJECT_VERSION = 1;
				DEVELOPMENT_TEAM = 7J752S5X97;
				GENERATE_INFOPLIST_FILE = YES;
				MARKETING_VERSION = 1.0;
				PRODUCT_BUNDLE_IDENTIFIER = "-1.Startup-Ideas-TrackerUITests";
				PRODUCT_NAME = "$(TARGET_NAME)";
				STRING_CATALOG_GENERATE_SYMBOLS = NO;
				SWIFT_APPROACHABLE_CONCURRENCY = YES;
				SWIFT_EMIT_LOC_STRINGS = NO;
				SWIFT_UPCOMING_FEATURE_MEMBER_IMPORT_VISIBILITY = YES;
				SWIFT_VERSION = 5.0;
				TARGETED_DEVICE_FAMILY = "1,2";
				TEST_TARGET_NAME = "Startup Ideas Tracker";
			};
			name = Release;
		};
/* End XCBuildConfiguration section */

/* Begin XCConfigurationList section */
		5C6B093B2FCC8C30002A30F9 /* Build configuration list for PBXProject "Startup Ideas Tracker" */ = {
			isa = XCConfigurationList;
			buildConfigurations = (
				5C6B09612FCC8C32002A30F9 /* Debug */,
				5C6B09622FCC8C32002A30F9 /* Release */,
			);
			defaultConfigurationIsVisible = 0;
			defaultConfigurationName = Release;
		};
		5C6B09632FCC8C32002A30F9 /* Build configuration list for PBXNativeTarget "Startup Ideas Tracker" */ = {
			isa = XCConfigurationList;
			buildConfigurations = (
				5C6B09642FCC8C32002A30F9 /* Debug */,
				5C6B09652FCC8C32002A30F9 /* Release */,
			);
			defaultConfigurationIsVisible = 0;
			defaultConfigurationName = Release;
		};
		5C6B09662FCC8C32002A30F9 /* Build configuration list for PBXNativeTarget "Startup Ideas TrackerTests" */ = {
			isa = XCConfigurationList;
			buildConfigurations = (
				5C6B09672FCC8C32002A30F9 /* Debug */,
				5C6B09682FCC8C32002A30F9 /* Release */,
			);
			defaultConfigurationIsVisible = 0;
			defaultConfigurationName = Release;
		};
		5C6B09692FCC8C32002A30F9 /* Build configuration list for PBXNativeTarget "Startup Ideas TrackerUITests" */ = {
			isa = XCConfigurationList;
			buildConfigurations = (
				5C6B096A2FCC8C32002A30F9 /* Debug */,
				5C6B096B2FCC8C32002A30F9 /* Release */,
			);
			defaultConfigurationIsVisible = 0;
			defaultConfigurationName = Release;
		};
/* End XCConfigurationList section */

/* Begin XCLocalSwiftPackageReference section */
		5C6B09912FCCB191002A30F9 /* XCLocalSwiftPackageReference "StorageKit" */ = {
			isa = XCLocalSwiftPackageReference;
			relativePath = StorageKit;
		};
/* End XCLocalSwiftPackageReference section */

/* Begin XCSwiftPackageProductDependency section */
		5C6B09922FCCB191002A30F9 /* StorageKit */ = {
			isa = XCSwiftPackageProductDependency;
			productName = StorageKit;
		};
/* End XCSwiftPackageProductDependency section */
	};
	rootObject = 5C6B09382FCC8C30002A30F9 /* Project object */;
}
